
Microsoft Visual Studio Solution File, Format Version 12.00
# Visual Studio 15
VisualStudioVersion = 15.0.26124.0
MinimumVisualStudioVersion = 15.0.26124.0
Project("{2150E333-8FDC-42A3-9474-1A3956D46DE8}") = "src", "src", "{8EBCF805-EF33-40FC-8F73-943E6A38EBC4}"
EndProject
Project("{FAE04EC0-301F-11D3-BF4B-00C04F79EFBC}") = "GradeBook", "src\GradeBook\GradeBook.csproj", "{00209FAB-6A57-4117-924D-36D239368EEE}"
EndProject
Project("{2150E333-8FDC-42A3-9474-1A3956D46DE8}") = "test", "test", "{EF17600F-8607-401A-A53E-6530636A13F3}"
EndProject
Project("{FAE04EC0-301F-11D3-BF4B-00C04F79EFBC}") = "GradeBook.Tests", "test\GradeBook.Tests\GradeBook.Tests.csproj", "{9DA3D9E1-C869-4585-86C9-45C1344D93F2}"
EndProject
Global
	GlobalSection(SolutionConfigurationPlatforms) = preSolution
		Debug|Any CPU = Debug|Any CPU
		Debug|x64 = Debug|x64
		Debug|x86 = Debug|x86
		Release|Any CPU = Release|Any CPU
		Release|x64 = Release|x64
		Release|x86 = Release|x86
	EndGlobalSection
	GlobalSection(SolutionProperties) = preSolution
		HideSolutionNode = FALSE
	EndGlobalSection
	GlobalSection(ProjectConfigurationPlatforms) = postSolution
		{00209FAB-6A57-4117-924D-36D239368EEE}.Debug|Any CPU.ActiveCfg = Debug|Any CPU
		{00209FAB-6A57-4117-924D-36D239368EEE}.Debug|Any CPU.Build.0 = Debug|Any CPU
		{00209FAB-6A57-4117-924D-36D239368EEE}.Debug|x64.ActiveCfg = Debug|Any CPU
		{00209FAB-6A57-4117-924D-36D239368EEE}.Debug|x64.Build.0 = Debug|Any CPU
		{00209FAB-6A57-4117-924D-36D239368EEE}.Debug|x86.ActiveCfg = Debug|Any CPU
		{00209FAB-6A57-4117-924D-36D239368EEE}.Debug|x86.Build.0 = Debug|Any CPU
		{00209FAB-6A57-4117-924D-36D239368EEE}.Release|Any CPU.ActiveCfg = Release|Any CPU
		{00209FAB-6A57-4117-924D-36D239368EEE}.Release|Any CPU.Build.0 = Release|Any CPU
		{00209FAB-6A57-4117-924D-36D239368EEE}.Release|x64.ActiveCfg = Release|Any CPU
		{00209FAB-6A57-4117-924D-36D239368EEE}.Release|x64.Build.0 = Release|Any CPU
		{00209FAB-6A57-4117-924D-36D239368EEE}.Release|x86.ActiveCfg = Release|Any CPU
		{00209FAB-6A57-4117-924D-36D239368EEE}.Release|x86.Build.0 = Release|Any CPU
		{9DA3D9E1-C869-4585-86C9-45C1344D93F2}.Debug|Any CPU.ActiveCfg = Debug|Any CPU
		{9DA3D9E1-C869-4585-86C9-45C1344D93F2}.Debug|Any CPU.Build.0 = Debug|Any CPU
		{9DA3D9E1-C869-4585-86C9-45C1344D93F2}.Debug|x64.ActiveCfg = Debug|Any CPU
		{9DA3D9E1-C869-4585-86C9-45C1344D93F2}.Debug|x64.Build.0 = Debug|Any CPU
		{9DA3D9E1-C869-4585-86C9-45C1344D93F2}.Debug|x86.ActiveCfg = Debug|Any CPU
		{9DA3D9E1-C869-4585-86C9-45C1344D93F2}.Debug|x86.Build.0 = Debug|Any CPU
		{9DA3D9E1-C869-4585-86C9-45C1344D93F2}.Release|Any CPU.ActiveCfg = Release|Any CPU
		{9DA3D9E1-C869-4585-86C9-45C1344D93F2}.Release|Any CPU.Build.0 = Release|Any CPU
		{9DA3D9E1-C869-4585-86C9-45C1344D93F2}.Release|x64.ActiveCfg = Release|Any CPU
		{9DA3D9E1-C869-4585-86C9-45C1344D93F2}.Release|x64.Build.0 = Release|Any CPU
		{9DA3D9E1-C869-4585-86C9-45C1344D93F2}.Release|x86.ActiveCfg = Release|Any CPU
		{9DA3D9E1-C869-4585-86C9-45C1344D93F2}.Release|x86.Build.0 = Release|Any CPU
	EndGlobalSection
	GlobalSection(NestedProjects) = preSolution
		{00209FAB-6A57-4117-924D-36D239368EEE} = {8EBCF805-EF33-40FC-8F73-943E6A38EBC4}
		{9DA3D9E1-C869-4585-86C9-45C1344D93F2} = {EF17600F-8607-401A-A53E-6530636A13F3}
	EndGlobalSection
EndGlobal
